// !$*UTF8*$!
{
	archiveVersion = 1;
	classes = {
	};
	objectVersion = 48;
	objects = {

/* Begin PBXBuildFile section */
		0811CBAB8292CC0245CDF6A2 /* Pods_Todoey.framework in Frameworks */ = {isa = PBXBuildFile; fileRef = 7D0C08A7CB117942ADEFDFD6 /* Pods_Todoey.framework */; };
		6374F0231FE95C2E00364E85 /* CategoryTableViewController.swift in Sources */ = {isa = PBXBuildFile; fileRef = 6374F0221FE95C2E00364E85 /* CategoryTableViewController.swift */; };
		637711211FE6CBA50054454A /* AppDelegate.swift in Sources */ = {isa = PBXBuildFile; fileRef = 637711201FE6CBA50054454A /* AppDelegate.swift */; };
		637711231FE6CBA50054454A /* TodoListViewController.swift in Sources */ = {isa = PBXBuildFile; fileRef = 637711221FE6CBA50054454A /* TodoListViewController.swift */; };
		637711261FE6CBA50054454A /* Main.storyboard in Resources */ = {isa = PBXBuildFile; fileRef = 637711241FE6CBA50054454A /* Main.storyboard */; };
		637711281FE6CBA50054454A /* Assets.xcassets in Resources */ = {isa = PBXBuildFile; fileRef = 637711271FE6CBA50054454A /* Assets.xcassets */; };
		6377112B1FE6CBA50054454A /* LaunchScreen.storyboard in Resources */ = {isa = PBXBuildFile; fileRef = 637711291FE6CBA50054454A /* LaunchScreen.storyboard */; };
		63A084A61FE7547200E2D45C /* DataModel.xcdatamodeld in Sources */ = {isa = PBXBuildFile; fileRef = 63A084A41FE7547200E2D45C /* DataModel.xcdatamodeld */; };
/* End PBXBuildFile section */

/* Begin PBXFileReference section */
		6374F0221FE95C2E00364E85 /* CategoryTableViewController.swift */ = {isa = PBXFileReference; lastKnownFileType = sourcecode.swift; path = CategoryTableViewController.swift; sourceTree = "<group>"; };
		6377111D1FE6CBA50054454A /* Todoey.app */ = {isa = PBXFileReference; explicitFileType = wrapper.application; includeInIndex = 0; path = Todoey.app; sourceTree = BUILT_PRODUCTS_DIR; };
		637711201FE6CBA50054454A /* AppDelegate.swift */ = {isa = PBXFileReference; lastKnownFileType = sourcecode.swift; path = AppDelegate.swift; sourceTree = "<group>"; };
		637711221FE6CBA50054454A /* TodoListViewController.swift */ = {isa = PBXFileReference; lastKnownFileType = sourcecode.swift; path = TodoListViewController.swift; sourceTree = "<group>"; };
		637711251FE6CBA50054454A /* Base */ = {isa = PBXFileReference; lastKnownFileType = file.storyboard; name = Base; path = Base.lproj/Main.storyboard; sourceTree = "<group>"; };
		637711271FE6CBA50054454A /* Assets.xcassets */ = {isa = PBXFileReference; lastKnownFileType = folder.assetcatalog; path = Assets.xcassets; sourceTree = "<group>"; };
		6377112A1FE6CBA50054454A /* Base */ = {isa = PBXFileReference; lastKnownFileType = file.storyboard; name = Base; path = Base.lproj/LaunchScreen.storyboard; sourceTree = "<group>"; };
		6377112C1FE6CBA50054454A /* Info.plist */ = {isa = PBXFileReference; lastKnownFileType = text.plist.xml; path = Info.plist; sourceTree = "<group>"; };
		63A084A51FE7547200E2D45C /* DataModel.xcdatamodel */ = {isa = PBXFileReference; lastKnownFileType = wrapper.xcdatamodel; path = DataModel.xcdatamodel; sourceTree = "<group>"; };
		6E7B2D8934C4D8DF77C64346 /* Pods-Todoey.debug.xcconfig */ = {isa = PBXFileReference; includeInIndex = 1; lastKnownFileType = text.xcconfig; name = "Pods-Todoey.debug.xcconfig"; path = "Pods/Target Support Files/Pods-Todoey/Pods-Todoey.debug.xcconfig"; sourceTree = "<group>"; };
		7D0C08A7CB117942ADEFDFD6 /* Pods_Todoey.framework */ = {isa = PBXFileReference; explicitFileType = wrapper.framework; includeInIndex = 0; path = Pods_Todoey.framework; sourceTree = BUILT_PRODUCTS_DIR; };
		E81AA023F4B8763F4469059C /* Pods-Todoey.release.xcconfig */ = {isa = PBXFileReference; includeInIndex = 1; lastKnownFileType = text.xcconfig; name = "Pods-Todoey.release.xcconfig"; path = "Pods/Target Support Files/Pods-Todoey/Pods-Todoey.release.xcconfig"; sourceTree = "<group>"; };
/* End PBXFileReference section */

/* Begin PBXFrameworksBuildPhase section */
		6377111A1FE6CBA50054454A /* Frameworks */ = {
			isa = PBXFrameworksBuildPhase;
			buildActionMask = 2147483647;
			files = (
				0811CBAB8292CC0245CDF6A2 /* Pods_Todoey.framework in Frameworks */,
			);
			runOnlyForDeploymentPostprocessing = 0;
		};
/* End PBXFrameworksBuildPhase section */

/* Begin PBXGroup section */
		1B85B0EB6952695AFD16F76D /* Frameworks */ = {
			isa = PBXGroup;
			children = (
				7D0C08A7CB117942ADEFDFD6 /* Pods_Todoey.framework */,
			);
			name = Frameworks;
			sourceTree = "<group>";
		};
		522AD4A13A1E9A8731E4A855 /* Pods */ = {
			isa = PBXGroup;
			children = (
				6E7B2D8934C4D8DF77C64346 /* Pods-Todoey.debug.xcconfig */,
				E81AA023F4B8763F4469059C /* Pods-Todoey.release.xcconfig */,
			);
			name = Pods;
			sourceTree = "<group>";
		};
		637711141FE6CBA50054454A = {
			isa = PBXGroup;
			children = (
				6377111F1FE6CBA50054454A /* Todoey */,
				6377111E1FE6CBA50054454A /* Products */,
				522AD4A13A1E9A8731E4A855 /* Pods */,
				1B85B0EB6952695AFD16F76D /* Frameworks */,
			);
			sourceTree = "<group>";
		};
		6377111E1FE6CBA50054454A /* Products */ = {
			isa = PBXGroup;
			children = (
				6377111D1FE6CBA50054454A /* Todoey.app */,
			);
			name = Products;
			sourceTree = "<group>";
		};
		6377111F1FE6CBA50054454A /* Todoey */ = {
			isa = PBXGroup;
			children = (
				63A084A11FE6ED6700E2D45C /* Supporting Files */,
				63A084A01FE6ED5D00E2D45C /* View */,
				63A0849F1FE6ED5200E2D45C /* Controller */,
				63A0849E1FE6ED4200E2D45C /* Model */,
				637711201FE6CBA50054454A /* AppDelegate.swift */,
				637711241FE6CBA50054454A /* Main.storyboard */,
				637711271FE6CBA50054454A /* Assets.xcassets */,
				637711291FE6CBA50054454A /* LaunchScreen.storyboard */,
				6377112C1FE6CBA50054454A /* Info.plist */,
			);
			path = Todoey;
			sourceTree = "<group>";
		};
		63A0849E1FE6ED4200E2D45C /* Model */ = {
			isa = PBXGroup;
			children = (
				63A084A41FE7547200E2D45C /* DataModel.xcdatamodeld */,
			);
			path = Model;
			sourceTree = "<group>";
		};
		63A0849F1FE6ED5200E2D45C /* Controller */ = {
			isa = PBXGroup;
			children = (
				6374F0221FE95C2E00364E85 /* CategoryTableViewController.swift */,
				637711221FE6CBA50054454A /* TodoListViewController.swift */,
			);
			path = Controller;
			sourceTree = "<group>";
		};
		63A084A01FE6ED5D00E2D45C /* View */ = {
			isa = PBXGroup;
			children = (
			);
			path = View;
			sourceTree = "<group>";
		};
		63A084A11FE6ED6700E2D45C /* Supporting Files */ = {
			isa = PBXGroup;
			children = (
			);
			path = "Supporting Files";
			sourceTree = "<group>";
		};
/* End PBXGroup section */

/* Begin PBXNativeTarget section */
		6377111C1FE6CBA50054454A /* Todoey */ = {
			isa = PBXNativeTarget;
			buildConfigurationList = 6377112F1FE6CBA50054454A /* Build configuration list for PBXNativeTarget "Todoey" */;
			buildPhases = (
				B50EE5B455BE483E82FCDD3E /* [CP] Check Pods Manifest.lock */,
				637711191FE6CBA50054454A /* Sources */,
				6377111A1FE6CBA50054454A /* Frameworks */,
				6377111B1FE6CBA50054454A /* Resources */,
				9209AE81AF0655DD12B0F846 /* [CP] Embed Pods Frameworks */,
				7C6A8687C585DF94D81C520E /* [CP] Copy Pods Resources */,
			);
			buildRules = (
			);
			dependencies = (
			);
			name = Todoey;
			productName = Todoey;
			productReference = 6377111D1FE6CBA50054454A /* Todoey.app */;
			productType = "com.apple.product-type.application";
		};
/* End PBXNativeTarget section */

/* Begin PBXProject section */
		637711151FE6CBA50054454A /* Project object */ = {
			isa = PBXProject;
			attributes = {
				LastSwiftUpdateCheck = 0920;
				LastUpgradeCheck = 0920;
				ORGANIZATIONNAME = Roxware;
				TargetAttributes = {
					6377111C1FE6CBA50054454A = {
						CreatedOnToolsVersion = 9.2;
						ProvisioningStyle = Automatic;
					};
				};
			};
			buildConfigurationList = 637711181FE6CBA50054454A /* Build configuration list for PBXProject "Todoey" */;
			compatibilityVersion = "Xcode 8.0";
			developmentRegion = en;
			hasScannedForEncodings = 0;
			knownRegions = (
				en,
				Base,
			);
			mainGroup = 637711141FE6CBA50054454A;
			productRefGroup = 6377111E1FE6CBA50054454A /* Products */;
			projectDirPath = "";
			projectRoot = "";
			targets = (
				6377111C1FE6CBA50054454A /* Todoey */,
			);
		};
/* End PBXProject section */

/* Begin PBXResourcesBuildPhase section */
		6377111B1FE6CBA50054454A /* Resources */ = {
			isa = PBXResourcesBuildPhase;
			buildActionMask = 2147483647;
			files = (
				6377112B1FE6CBA50054454A /* LaunchScreen.storyboard in Resources */,
				637711281FE6CBA50054454A /* Assets.xcassets in Resources */,
				637711261FE6CBA50054454A /* Main.storyboard in Resources */,
			);
			runOnlyForDeploymentPostprocessing = 0;
		};
/* End PBXResourcesBuildPhase section */

/* Begin PBXShellScriptBuildPhase section */
		7C6A8687C585DF94D81C520E /* [CP] Copy Pods Resources */ = {
			isa = PBXShellScriptBuildPhase;
			buildActionMask = 2147483647;
			files = (
			);
			inputPaths = (
			);
			name = "[CP] Copy Pods Resources";
			outputPaths = (
			);
			runOnlyForDeploymentPostprocessing = 0;
			shellPath = /bin/sh;
			shellScript = "\"${SRCROOT}/Pods/Target Support Files/Pods-Todoey/Pods-Todoey-resources.sh\"\n";
			showEnvVarsInLog = 0;
		};
		9209AE81AF0655DD12B0F846 /* [CP] Embed Pods Frameworks */ = {
			isa = PBXShellScriptBuildPhase;
			buildActionMask = 2147483647;
			files = (
			);
			inputPaths = (
			);
			name = "[CP] Embed Pods Frameworks";
			outputPaths = (
			);
			runOnlyForDeploymentPostprocessing = 0;
			shellPath = /bin/sh;
			shellScript = "\"${SRCROOT}/Pods/Target Support Files/Pods-Todoey/Pods-Todoey-frameworks.sh\"\n";
			showEnvVarsInLog = 0;
		};
		B50EE5B455BE483E82FCDD3E /* [CP] Check Pods Manifest.lock */ = {
			isa = PBXShellScriptBuildPhase;
			buildActionMask = 2147483647;
			files = (
			);
			inputPaths = (
			);
			name = "[CP] Check Pods Manifest.lock";
			outputPaths = (
			);
			runOnlyForDeploymentPostprocessing = 0;
			shellPath = /bin/sh;
			shellScript = "diff \"${PODS_ROOT}/../Podfile.lock\" \"${PODS_ROOT}/Manifest.lock\" > /dev/null\nif [ $? != 0 ] ; then\n    # print error to STDERR\n    echo \"error: The sandbox is not in sync with the Podfile.lock. Run 'pod install' or update your CocoaPods installation.\" >&2\n    exit 1\nfi\n";
			showEnvVarsInLog = 0;
		};
/* End PBXShellScriptBuildPhase section */

/* Begin PBXSourcesBuildPhase section */
		637711191FE6CBA50054454A /* Sources */ = {
			isa = PBXSourcesBuildPhase;
			buildActionMask = 2147483647;
			files = (
				637711231FE6CBA50054454A /* TodoListViewController.swift in Sources */,
				63A084A61FE7547200E2D45C /* DataModel.xcdatamodeld in Sources */,
				637711211FE6CBA50054454A /* AppDelegate.swift in Sources */,
				6374F0231FE95C2E00364E85 /* CategoryTableViewController.swift in Sources */,
			);
			runOnlyForDeploymentPostprocessing = 0;
		};
/* End PBXSourcesBuildPhase section */

/* Begin PBXVariantGroup section */
		637711241FE6CBA50054454A /* Main.storyboard */ = {
			isa = PBXVariantGroup;
			children = (
				637711251FE6CBA50054454A /* Base */,
			);
			name = Main.storyboard;
			sourceTree = "<group>";
		};
		637711291FE6CBA50054454A /* LaunchScreen.storyboard */ = {
			isa = PBXVariantGroup;
			children = (
				6377112A1FE6CBA50054454A /* Base */,
			);
			name = LaunchScreen.storyboard;
			sourceTree = "<group>";
		};
/* End PBXVariantGroup section */

/* Begin XCBuildConfiguration section */
		6377112D1FE6CBA50054454A /* Debug */ = {
			isa = XCBuildConfiguration;
			buildSettings = {
				ALWAYS_SEARCH_USER_PATHS = NO;
				CLANG_ANALYZER_NONNULL = YES;
				CLANG_ANALYZER_NUMBER_OBJECT_CONVERSION = YES_AGGRESSIVE;
				CLANG_CXX_LANGUAGE_STANDARD = "gnu++14";
				CLANG_CXX_LIBRARY = "libc++";
				CLANG_ENABLE_MODULES = YES;
				CLANG_ENABLE_OBJC_ARC = YES;
				CLANG_WARN_BLOCK_CAPTURE_AUTORELEASING = YES;
				CLANG_WARN_BOOL_CONVERSION = YES;
				CLANG_WARN_COMMA = YES;
				CLANG_WARN_CONSTANT_CONVERSION = YES;
				CLANG_WARN_DIRECT_OBJC_ISA_USAGE = YES_ERROR;
				CLANG_WARN_DOCUMENTATION_COMMENTS = YES;
				CLANG_WARN_EMPTY_BODY = YES;
				CLANG_WARN_ENUM_CONVERSION = YES;
				CLANG_WARN_INFINITE_RECURSION = YES;
				CLANG_WARN_INT_CONVERSION = YES;
				CLANG_WARN_NON_LITERAL_NULL_CONVERSION = YES;
				CLANG_WARN_OBJC_LITERAL_CONVERSION = YES;
				CLANG_WARN_OBJC_ROOT_CLASS = YES_ERROR;
				CLANG_WARN_RANGE_LOOP_ANALYSIS = YES;
				CLANG_WARN_STRICT_PROTOTYPES = YES;
				CLANG_WARN_SUSPICIOUS_MOVE = YES;
				CLANG_WARN_UNGUARDED_AVAILABILITY = YES_AGGRESSIVE;
				CLANG_WARN_UNREACHABLE_CODE = YES;
				CLANG_WARN__DUPLICATE_METHOD_MATCH = YES;
				CODE_SIGN_IDENTITY = "iPhone Developer";
				COPY_PHASE_STRIP = NO;
				DEBUG_INFORMATION_FORMAT = dwarf;
				ENABLE_STRICT_OBJC_MSGSEND = YES;
				ENABLE_TESTABILITY = YES;
				GCC_C_LANGUAGE_STANDARD = gnu11;
				GCC_DYNAMIC_NO_PIC = NO;
				GCC_NO_COMMON_BLOCKS = YES;
				GCC_OPTIMIZATION_LEVEL = 0;
				GCC_PREPROCESSOR_DEFINITIONS = (
					"DEBUG=1",
					"$(inherited)",
				);
				GCC_WARN_64_TO_32_BIT_CONVERSION = YES;
				GCC_WARN_ABOUT_RETURN_TYPE = YES_ERROR;
				GCC_WARN_UNDECLARED_SELECTOR = YES;
				GCC_WARN_UNINITIALIZED_AUTOS = YES_AGGRESSIVE;
				GCC_WARN_UNUSED_FUNCTION = YES;
				GCC_WARN_UNUSED_VARIABLE = YES;
				IPHONEOS_DEPLOYMENT_TARGET = 11.2;
				MTL_ENABLE_DEBUG_INFO = YES;
				ONLY_ACTIVE_ARCH = YES;
				SDKROOT = iphoneos;
				SWIFT_ACTIVE_COMPILATION_CONDITIONS = DEBUG;
				SWIFT_OPTIMIZATION_LEVEL = "-Onone";
			};
			name = Debug;
		};
		6377112E1FE6CBA50054454A /* Release */ = {
			isa = XCBuildConfiguration;
			buildSettings = {
				ALWAYS_SEARCH_USER_PATHS = NO;
				CLANG_ANALYZER_NONNULL = YES;
				CLANG_ANALYZER_NUMBER_OBJECT_CONVERSION = YES_AGGRESSIVE;
				CLANG_CXX_LANGUAGE_STANDARD = "gnu++14";
				CLANG_CXX_LIBRARY = "libc++";
				CLANG_ENABLE_MODULES = YES;
				CLANG_ENABLE_OBJC_ARC = YES;
				CLANG_WARN_BLOCK_CAPTURE_AUTORELEASING = YES;
				CLANG_WARN_BOOL_CONVERSION = YES;
				CLANG_WARN_COMMA = YES;
				CLANG_WARN_CONSTANT_CONVERSION = YES;
				CLANG_WARN_DIRECT_OBJC_ISA_USAGE = YES_ERROR;
				CLANG_WARN_DOCUMENTATION_COMMENTS = YES;
				CLANG_WARN_EMPTY_BODY = YES;
				CLANG_WARN_ENUM_CONVERSION = YES;
				CLANG_WARN_INFINITE_RECURSION = YES;
				CLANG_WARN_INT_CONVERSION = YES;
				CLANG_WARN_NON_LITERAL_NULL_CONVERSION = YES;
				CLANG_WARN_OBJC_LITERAL_CONVERSION = YES;
				CLANG_WARN_OBJC_ROOT_CLASS = YES_ERROR;
				CLANG_WARN_RANGE_LOOP_ANALYSIS = YES;
				CLANG_WARN_STRICT_PROTOTYPES = YES;
				CLANG_WARN_SUSPICIOUS_MOVE = YES;
				CLANG_WARN_UNGUARDED_AVAILABILITY = YES_AGGRESSIVE;
				CLANG_WARN_UNREACHABLE_CODE = YES;
				CLANG_WARN__DUPLICATE_METHOD_MATCH = YES;
				CODE_SIGN_IDENTITY = "iPhone Developer";
				COPY_PHASE_STRIP = NO;
				DEBUG_INFORMATION_FORMAT = "dwarf-with-dsym";
				ENABLE_NS_ASSERTIONS = NO;
				ENABLE_STRICT_OBJC_MSGSEND = YES;
				GCC_C_LANGUAGE_STANDARD = gnu11;
				GCC_NO_COMMON_BLOCKS = YES;
				GCC_WARN_64_TO_32_BIT_CONVERSION = YES;
				GCC_WARN_ABOUT_RETURN_TYPE = YES_ERROR;
				GCC_WARN_UNDECLARED_SELECTOR = YES;
				GCC_WARN_UNINITIALIZED_AUTOS = YES_AGGRESSIVE;
				GCC_WARN_UNUSED_FUNCTION = YES;
				GCC_WARN_UNUSED_VARIABLE = YES;
				IPHONEOS_DEPLOYMENT_TARGET = 11.2;
				MTL_ENABLE_DEBUG_INFO = NO;
				SDKROOT = iphoneos;
				SWIFT_OPTIMIZATION_LEVEL = "-Owholemodule";
				VALIDATE_PRODUCT = YES;
			};
			name = Release;
		};
		637711301FE6CBA50054454A /* Debug */ = {
			isa = XCBuildConfiguration;
			baseConfigurationReference = 6E7B2D8934C4D8DF77C64346 /* Pods-Todoey.debug.xcconfig */;
			buildSettings = {
				ASSETCATALOG_COMPILER_APPICON_NAME = AppIcon;
				CODE_SIGN_STYLE = Automatic;
				DEVELOPMENT_TEAM = DE86T9B8W9;
				INFOPLIST_FILE = Todoey/Info.plist;
				LD_RUNPATH_SEARCH_PATHS = "$(inherited) @executable_path/Frameworks";
				PRODUCT_BUNDLE_IDENTIFIER = com.roxware.Todoey;
				PRODUCT_NAME = "$(TARGET_NAME)";
				SWIFT_VERSION = 4.0;
				TARGETED_DEVICE_FAMILY = "1,2";
			};
			name = Debug;
		};
		637711311FE6CBA50054454A /* Release */ = {
			isa = XCBuildConfiguration;
			baseConfigurationReference = E81AA023F4B8763F4469059C /* Pods-Todoey.release.xcconfig */;
			buildSettings = {
				ASSETCATALOG_COMPILER_APPICON_NAME = AppIcon;
				CODE_SIGN_STYLE = Automatic;
				DEVELOPMENT_TEAM = DE86T9B8W9;
				INFOPLIST_FILE = Todoey/Info.plist;
				LD_RUNPATH_SEARCH_PATHS = "$(inherited) @executable_path/Frameworks";
				PRODUCT_BUNDLE_IDENTIFIER = com.roxware.Todoey;
				PRODUCT_NAME = "$(TARGET_NAME)";
				SWIFT_VERSION = 4.0;
				TARGETED_DEVICE_FAMILY = "1,2";
			};
			name = Release;
		};
/* End XCBuildConfiguration section */

/* Begin XCConfigurationList section */
		637711181FE6CBA50054454A /* Build configuration list for PBXProject "Todoey" */ = {
			isa = XCConfigurationList;
			buildConfigurations = (
				6377112D1FE6CBA50054454A /* Debug */,
				6377112E1FE6CBA50054454A /* Release */,
			);
			defaultConfigurationIsVisible = 0;
			defaultConfigurationName = Release;
		};
		6377112F1FE6CBA50054454A /* Build configuration list for PBXNativeTarget "Todoey" */ = {
			isa = XCConfigurationList;
			buildConfigurations = (
				637711301FE6CBA50054454A /* Debug */,
				637711311FE6CBA50054454A /* Release */,
			);
			defaultConfigurationIsVisible = 0;
			defaultConfigurationName = Release;
		};
/* End XCConfigurationList section */

/* Begin XCVersionGroup section */
		63A084A41FE7547200E2D45C /* DataModel.xcdatamodeld */ = {
			isa = XCVersionGroup;
			children = (
				63A084A51FE7547200E2D45C /* DataModel.xcdatamodel */,
			);
			currentVersion = 63A084A51FE7547200E2D45C /* DataModel.xcdatamodel */;
			path = DataModel.xcdatamodeld;
			sourceTree = "<group>";
			versionGroupType = wrapper.xcdatamodel;
		};
/* End XCVersionGroup section */
	};
	rootObject = 637711151FE6CBA50054454A /* Project object */;
}
